// !$*UTF8*$!
{
	archiveVersion = 1;
	classes = {
	};
	objectVersion = 46;
	objects = {

/* Begin PBXBuildFile section */
		0B6BD586188914B300A7D8F9 /* MainViewController.m in Sources */ = {isa = PBXBuildFile; fileRef = 0B6BD584188914B300A7D8F9 /* MainViewController.m */; };
		0B6BD587188914B300A7D8F9 /* MainViewController.xib in Resources */ = {isa = PBXBuildFile; fileRef = 0B6BD585188914B300A7D8F9 /* MainViewController.xib */; };
		0B6BD58B1889155A00A7D8F9 /* CourseViewController.m in Sources */ = {isa = PBXBuildFile; fileRef = 0B6BD5891889155A00A7D8F9 /* CourseViewController.m */; };
		0B6BD58C1889155A00A7D8F9 /* CourseViewController.xib in Resources */ = {isa = PBXBuildFile; fileRef = 0B6BD58A1889155A00A7D8F9 /* CourseViewController.xib */; };
		0B6BD5901889157000A7D8F9 /* RecordViewController.m in Sources */ = {isa = PBXBuildFile; fileRef = 0B6BD58E1889157000A7D8F9 /* RecordViewController.m */; };
		0B6BD5911889157000A7D8F9 /* RecordViewController.xib in Resources */ = {isa = PBXBuildFile; fileRef = 0B6BD58F1889157000A7D8F9 /* RecordViewController.xib */; };
		0B6BD5951889158500A7D8F9 /* PlaybackViewController.m in Sources */ = {isa = PBXBuildFile; fileRef = 0B6BD5931889158500A7D8F9 /* PlaybackViewController.m */; };
		0B6BD5961889158500A7D8F9 /* PlaybackViewController.xib in Resources */ = {isa = PBXBuildFile; fileRef = 0B6BD5941889158500A7D8F9 /* PlaybackViewController.xib */; };
		0B6BD59B18891B1E00A7D8F9 /* nav_add_btn.png in Resources */ = {isa = PBXBuildFile; fileRef = 0B6BD59918891B1E00A7D8F9 /* nav_add_btn.png */; };
		0B6BD59C18891B1E00A7D8F9 /* nav_add_btn@2x.png in Resources */ = {isa = PBXBuildFile; fileRef = 0B6BD59A18891B1E00A7D8F9 /* nav_add_btn@2x.png */; };
		0B6BD5A018891FB300A7D8F9 /* CourseCell.m in Sources */ = {isa = PBXBuildFile; fileRef = 0B6BD59F18891FB300A7D8F9 /* CourseCell.m */; };
		0BA86AB818925F1800805240 /* LECColorCollectionView.m in Sources */ = {isa = PBXBuildFile; fileRef = 0BA86AB718925F1800805240 /* LECColorCollectionView.m */; };
		730DABD418A500C000DFE3E7 /* LECParallaxService.m in Sources */ = {isa = PBXBuildFile; fileRef = 730DABD318A500C000DFE3E7 /* LECParallaxService.m */; };
		7318CDA11898AEFD002E23A0 /* LECHeaderView.m in Sources */ = {isa = PBXBuildFile; fileRef = 7318CDA01898AEFD002E23A0 /* LECHeaderView.m */; };
		73331E0F18DDA705006E6D3C /* icon_cancel.png in Resources */ = {isa = PBXBuildFile; fileRef = 73331E0D18DDA705006E6D3C /* icon_cancel.png */; };
		73331E1018DDA705006E6D3C /* icon_cancel@2x.png in Resources */ = {isa = PBXBuildFile; fileRef = 73331E0E18DDA705006E6D3C /* icon_cancel@2x.png */; };
		73331E1318DDA72B006E6D3C /* icon_checkmark.png in Resources */ = {isa = PBXBuildFile; fileRef = 73331E1118DDA72B006E6D3C /* icon_checkmark.png */; };
		73331E1418DDA72B006E6D3C /* icon_checkmark@2x.png in Resources */ = {isa = PBXBuildFile; fileRef = 73331E1218DDA72B006E6D3C /* icon_checkmark@2x.png */; };
		733C9BC618AAEE57007E92B6 /* LECAnimationService.m in Sources */ = {isa = PBXBuildFile; fileRef = 733C9BC518AAEE57007E92B6 /* LECAnimationService.m */; };
		733C9BD218AE0423007E92B6 /* Lecture.m in Sources */ = {isa = PBXBuildFile; fileRef = 733C9BD118AE0423007E92B6 /* Lecture.m */; };
		733C9BD518AE0424007E92B6 /* Tag.m in Sources */ = {isa = PBXBuildFile; fileRef = 733C9BD418AE0424007E92B6 /* Tag.m */; };
		733C9BD818AE0424007E92B6 /* Course.m in Sources */ = {isa = PBXBuildFile; fileRef = 733C9BD718AE0424007E92B6 /* Course.m */; };
		738FB164189CA1D200DBF8F8 /* LECAddCourseView.m in Sources */ = {isa = PBXBuildFile; fileRef = 738FB163189CA1D200DBF8F8 /* LECAddCourseView.m */; };
		738FB167189DE05200DBF8F8 /* LECIconCollectionView.m in Sources */ = {isa = PBXBuildFile; fileRef = 738FB166189DE05200DBF8F8 /* LECIconCollectionView.m */; };
		738FB16C189DF33200DBF8F8 /* subject_finance.png in Resources */ = {isa = PBXBuildFile; fileRef = 738FB168189DF33200DBF8F8 /* subject_finance.png */; };
		738FB16D189DF33200DBF8F8 /* subject_finance@2x.png in Resources */ = {isa = PBXBuildFile; fileRef = 738FB169189DF33200DBF8F8 /* subject_finance@2x.png */; };
		738FB16E189DF33200DBF8F8 /* subject_music.png in Resources */ = {isa = PBXBuildFile; fileRef = 738FB16A189DF33200DBF8F8 /* subject_music.png */; };
		738FB16F189DF33200DBF8F8 /* subject_music@2x.png in Resources */ = {isa = PBXBuildFile; fileRef = 738FB16B189DF33200DBF8F8 /* subject_music@2x.png */; };
		738FB172189DF33D00DBF8F8 /* subject_chem.png in Resources */ = {isa = PBXBuildFile; fileRef = 738FB170189DF33D00DBF8F8 /* subject_chem.png */; };
		738FB173189DF33D00DBF8F8 /* subject_chem@2x.png in Resources */ = {isa = PBXBuildFile; fileRef = 738FB171189DF33D00DBF8F8 /* subject_chem@2x.png */; };
		73CD6EB21895F06400F183C7 /* LECIconService.m in Sources */ = {isa = PBXBuildFile; fileRef = 73CD6EB11895F06400F183C7 /* LECIconService.m */; };
		73CD6EB918961B6900F183C7 /* Icons.plist in Resources */ = {isa = PBXBuildFile; fileRef = 73CD6EB818961B6900F183C7 /* Icons.plist */; };
		73CD6EBC1896328600F183C7 /* subject_cs.png in Resources */ = {isa = PBXBuildFile; fileRef = 73CD6EBA1896328600F183C7 /* subject_cs.png */; };
		73CD6EBD1896328600F183C7 /* subject_cs@2x.png in Resources */ = {isa = PBXBuildFile; fileRef = 73CD6EBB1896328600F183C7 /* subject_cs@2x.png */; };
		8BE7581D188B48DD007B6C02 /* LECTableView.m in Sources */ = {isa = PBXBuildFile; fileRef = 8BE7581C188B48DD007B6C02 /* LECTableView.m */; };
		8BE75820188B4EA5007B6C02 /* LECCourseViewModel.m in Sources */ = {isa = PBXBuildFile; fileRef = 8BE7581F188B4EA5007B6C02 /* LECCourseViewModel.m */; };
		8BE75823188B4F23007B6C02 /* LECLectureViewModel.m in Sources */ = {isa = PBXBuildFile; fileRef = 8BE75822188B4F23007B6C02 /* LECLectureViewModel.m */; };
		BBB5884F18BC34BF00845089 /* nav_settings_btn.png in Resources */ = {isa = PBXBuildFile; fileRef = BBB5884D18BC34BF00845089 /* nav_settings_btn.png */; };
		BBB5885018BC34BF00845089 /* nav_settings_btn@2x.png in Resources */ = {isa = PBXBuildFile; fileRef = BBB5884E18BC34BF00845089 /* nav_settings_btn@2x.png */; };
		C9467BAD18A71D46001AB03B /* LECTagCellViewModel.m in Sources */ = {isa = PBXBuildFile; fileRef = C9467BAC18A71D46001AB03B /* LECTagCellViewModel.m */; };
		C9605CAB1889F4B800F3DE57 /* LECBaseViewModel.m in Sources */ = {isa = PBXBuildFile; fileRef = C9605CAA1889F4B800F3DE57 /* LECBaseViewModel.m */; };
		C9605CAE1889F5AD00F3DE57 /* LECHomeViewModel.m in Sources */ = {isa = PBXBuildFile; fileRef = C9605CAD1889F5AD00F3DE57 /* LECHomeViewModel.m */; };
		C9605CB21889F6CC00F3DE57 /* LECBaseCellViewModel.m in Sources */ = {isa = PBXBuildFile; fileRef = C9605CB11889F6CC00F3DE57 /* LECBaseCellViewModel.m */; };
		C9605CBA1889F99800F3DE57 /* LECCourseCellViewModel.m in Sources */ = {isa = PBXBuildFile; fileRef = C9605CB91889F99800F3DE57 /* LECCourseCellViewModel.m */; };
		C9605CC0188A11D300F3DE57 /* Colours.plist in Resources */ = {isa = PBXBuildFile; fileRef = C9605CBF188A11D300F3DE57 /* Colours.plist */; };
		C9605CC4188A179400F3DE57 /* LECColourService.m in Sources */ = {isa = PBXBuildFile; fileRef = C9605CC3188A179400F3DE57 /* LECColourService.m */; };
		C9605CC8188A311100F3DE57 /* LECDatabaseService.m in Sources */ = {isa = PBXBuildFile; fileRef = C9605CC7188A311100F3DE57 /* LECDatabaseService.m */; };
		C96BCA1C189C562C00D5E7FD /* PullupTableViewController.m in Sources */ = {isa = PBXBuildFile; fileRef = C96BCA1B189C562C00D5E7FD /* PullupTableViewController.m */; };
		C96BCA1F189CAC4800D5E7FD /* LECAudioService.m in Sources */ = {isa = PBXBuildFile; fileRef = C96BCA1E189CAC4800D5E7FD /* LECAudioService.m */; };
		C96BCA21189CACC500D5E7FD /* AVFoundation.framework in Frameworks */ = {isa = PBXBuildFile; fileRef = C96BCA20189CACC500D5E7FD /* AVFoundation.framework */; };
		C982027718A2FE4500256A7E /* icon_mic.png in Resources */ = {isa = PBXBuildFile; fileRef = C982027518A2FE4500256A7E /* icon_mic.png */; };
		C982027818A2FE4500256A7E /* icon_mic@2x.png in Resources */ = {isa = PBXBuildFile; fileRef = C982027618A2FE4500256A7E /* icon_mic@2x.png */; };
		C982027C18A32B2100256A7E /* LECActionBar.m in Sources */ = {isa = PBXBuildFile; fileRef = C982027B18A32B2100256A7E /* LECActionBar.m */; };
		C9B0C5DB187FBE7F002D4A63 /* Foundation.framework in Frameworks */ = {isa = PBXBuildFile; fileRef = C9B0C5DA187FBE7F002D4A63 /* Foundation.framework */; };
		C9B0C5DD187FBE7F002D4A63 /* CoreGraphics.framework in Frameworks */ = {isa = PBXBuildFile; fileRef = C9B0C5DC187FBE7F002D4A63 /* CoreGraphics.framework */; };
		C9B0C5DF187FBE7F002D4A63 /* UIKit.framework in Frameworks */ = {isa = PBXBuildFile; fileRef = C9B0C5DE187FBE7F002D4A63 /* UIKit.framework */; };
		C9B0C5E1187FBE7F002D4A63 /* CoreData.framework in Frameworks */ = {isa = PBXBuildFile; fileRef = C9B0C5E0187FBE7F002D4A63 /* CoreData.framework */; };
		C9B0C5E7187FBE7F002D4A63 /* InfoPlist.strings in Resources */ = {isa = PBXBuildFile; fileRef = C9B0C5E5187FBE7F002D4A63 /* InfoPlist.strings */; };
		C9B0C5E9187FBE7F002D4A63 /* main.m in Sources */ = {isa = PBXBuildFile; fileRef = C9B0C5E8187FBE7F002D4A63 /* main.m */; };
		C9B0C5ED187FBE7F002D4A63 /* LECAppDelegate.m in Sources */ = {isa = PBXBuildFile; fileRef = C9B0C5EC187FBE7F002D4A63 /* LECAppDelegate.m */; };
		C9B0C5F0187FBE7F002D4A63 /* Lec.xcdatamodeld in Sources */ = {isa = PBXBuildFile; fileRef = C9B0C5EE187FBE7F002D4A63 /* Lec.xcdatamodeld */; };
		C9B0C5F2187FBE7F002D4A63 /* Images.xcassets in Resources */ = {isa = PBXBuildFile; fileRef = C9B0C5F1187FBE7F002D4A63 /* Images.xcassets */; };
		C9B0C5F9187FBE7F002D4A63 /* XCTest.framework in Frameworks */ = {isa = PBXBuildFile; fileRef = C9B0C5F8187FBE7F002D4A63 /* XCTest.framework */; };
		C9B0C5FA187FBE7F002D4A63 /* Foundation.framework in Frameworks */ = {isa = PBXBuildFile; fileRef = C9B0C5DA187FBE7F002D4A63 /* Foundation.framework */; };
		C9B0C5FB187FBE7F002D4A63 /* UIKit.framework in Frameworks */ = {isa = PBXBuildFile; fileRef = C9B0C5DE187FBE7F002D4A63 /* UIKit.framework */; };
		C9B0C5FC187FBE7F002D4A63 /* CoreData.framework in Frameworks */ = {isa = PBXBuildFile; fileRef = C9B0C5E0187FBE7F002D4A63 /* CoreData.framework */; };
		C9B0C604187FBE7F002D4A63 /* InfoPlist.strings in Resources */ = {isa = PBXBuildFile; fileRef = C9B0C602187FBE7F002D4A63 /* InfoPlist.strings */; };
		C9B0C606187FBE7F002D4A63 /* LecTests.m in Sources */ = {isa = PBXBuildFile; fileRef = C9B0C605187FBE7F002D4A63 /* LecTests.m */; };
		C9B55BCB18BDDB6D00E7C52A /* TagCell.m in Sources */ = {isa = PBXBuildFile; fileRef = C9B55BCA18BDDB6D00E7C52A /* TagCell.m */; };
		C9CA77E01896596900980310 /* LectureCell.m in Sources */ = {isa = PBXBuildFile; fileRef = C9CA77DF1896596900980310 /* LectureCell.m */; };
		C9FBD6281894A2B700D1A7D6 /* Example.m in Sources */ = {isa = PBXBuildFile; fileRef = C9FBD6271894A2B700D1A7D6 /* Example.m */; };
		C9FBD62E1894B26B00D1A7D6 /* LECLectureCellViewModel.m in Sources */ = {isa = PBXBuildFile; fileRef = C9FBD62D1894B26B00D1A7D6 /* LECLectureCellViewModel.m */; };
/* End PBXBuildFile section */

/* Begin PBXContainerItemProxy section */
		C9B0C5FD187FBE7F002D4A63 /* PBXContainerItemProxy */ = {
			isa = PBXContainerItemProxy;
			containerPortal = C9B0C5CF187FBE7F002D4A63 /* Project object */;
			proxyType = 1;
			remoteGlobalIDString = C9B0C5D6187FBE7F002D4A63;
			remoteInfo = Lec;
		};
/* End PBXContainerItemProxy section */

/* Begin PBXFileReference section */
		0B6BD583188914B300A7D8F9 /* MainViewController.h */ = {isa = PBXFileReference; fileEncoding = 4; lastKnownFileType = sourcecode.c.h; name = MainViewController.h; path = ViewControllers/MainViewController.h; sourceTree = "<group>"; };
		0B6BD584188914B300A7D8F9 /* MainViewController.m */ = {isa = PBXFileReference; fileEncoding = 4; lastKnownFileType = sourcecode.c.objc; name = MainViewController.m; path = ViewControllers/MainViewController.m; sourceTree = "<group>"; };
		0B6BD585188914B300A7D8F9 /* MainViewController.xib */ = {isa = PBXFileReference; fileEncoding = 4; lastKnownFileType = file.xib; name = MainViewController.xib; path = ViewControllers/MainViewController.xib; sourceTree = "<group>"; };
		0B6BD5881889155A00A7D8F9 /* CourseViewController.h */ = {isa = PBXFileReference; fileEncoding = 4; lastKnownFileType = sourcecode.c.h; name = CourseViewController.h; path = ViewControllers/CourseViewController.h; sourceTree = "<group>"; };
		0B6BD5891889155A00A7D8F9 /* CourseViewController.m */ = {isa = PBXFileReference; fileEncoding = 4; lastKnownFileType = sourcecode.c.objc; name = CourseViewController.m; path = ViewControllers/CourseViewController.m; sourceTree = "<group>"; };
		0B6BD58A1889155A00A7D8F9 /* CourseViewController.xib */ = {isa = PBXFileReference; fileEncoding = 4; lastKnownFileType = file.xib; name = CourseViewController.xib; path = ViewControllers/CourseViewController.xib; sourceTree = "<group>"; };
		0B6BD58D1889157000A7D8F9 /* RecordViewController.h */ = {isa = PBXFileReference; fileEncoding = 4; lastKnownFileType = sourcecode.c.h; name = RecordViewController.h; path = ViewControllers/RecordViewController.h; sourceTree = "<group>"; };
		0B6BD58E1889157000A7D8F9 /* RecordViewController.m */ = {isa = PBXFileReference; fileEncoding = 4; lastKnownFileType = sourcecode.c.objc; name = RecordViewController.m; path = ViewControllers/RecordViewController.m; sourceTree = "<group>"; };
		0B6BD58F1889157000A7D8F9 /* RecordViewController.xib */ = {isa = PBXFileReference; fileEncoding = 4; lastKnownFileType = file.xib; name = RecordViewController.xib; path = ViewControllers/RecordViewController.xib; sourceTree = "<group>"; };
		0B6BD5921889158500A7D8F9 /* PlaybackViewController.h */ = {isa = PBXFileReference; fileEncoding = 4; lastKnownFileType = sourcecode.c.h; name = PlaybackViewController.h; path = ViewControllers/PlaybackViewController.h; sourceTree = "<group>"; };
		0B6BD5931889158500A7D8F9 /* PlaybackViewController.m */ = {isa = PBXFileReference; fileEncoding = 4; lastKnownFileType = sourcecode.c.objc; name = PlaybackViewController.m; path = ViewControllers/PlaybackViewController.m; sourceTree = "<group>"; };
		0B6BD5941889158500A7D8F9 /* PlaybackViewController.xib */ = {isa = PBXFileReference; fileEncoding = 4; lastKnownFileType = file.xib; name = PlaybackViewController.xib; path = ViewControllers/PlaybackViewController.xib; sourceTree = "<group>"; };
		0B6BD59918891B1E00A7D8F9 /* nav_add_btn.png */ = {isa = PBXFileReference; lastKnownFileType = image.png; path = nav_add_btn.png; sourceTree = "<group>"; };
		0B6BD59A18891B1E00A7D8F9 /* nav_add_btn@2x.png */ = {isa = PBXFileReference; lastKnownFileType = image.png; path = "nav_add_btn@2x.png"; sourceTree = "<group>"; };
		0B6BD59E18891FB300A7D8F9 /* CourseCell.h */ = {isa = PBXFileReference; fileEncoding = 4; lastKnownFileType = sourcecode.c.h; name = CourseCell.h; path = Cells/CourseCell.h; sourceTree = "<group>"; };
		0B6BD59F18891FB300A7D8F9 /* CourseCell.m */ = {isa = PBXFileReference; fileEncoding = 4; lastKnownFileType = sourcecode.c.objc; name = CourseCell.m; path = Cells/CourseCell.m; sourceTree = "<group>"; };
		0BA86AB618925F1800805240 /* LECColorCollectionView.h */ = {isa = PBXFileReference; fileEncoding = 4; lastKnownFileType = sourcecode.c.h; name = LECColorCollectionView.h; path = Views/LECColorCollectionView.h; sourceTree = "<group>"; };
		0BA86AB718925F1800805240 /* LECColorCollectionView.m */ = {isa = PBXFileReference; fileEncoding = 4; lastKnownFileType = sourcecode.c.objc; name = LECColorCollectionView.m; path = Views/LECColorCollectionView.m; sourceTree = "<group>"; };
		730DABD218A500C000DFE3E7 /* LECParallaxService.h */ = {isa = PBXFileReference; fileEncoding = 4; lastKnownFileType = sourcecode.c.h; name = LECParallaxService.h; path = Assets/LECParallaxService.h; sourceTree = "<group>"; };
		730DABD318A500C000DFE3E7 /* LECParallaxService.m */ = {isa = PBXFileReference; fileEncoding = 4; lastKnownFileType = sourcecode.c.objc; name = LECParallaxService.m; path = Assets/LECParallaxService.m; sourceTree = "<group>"; };
		7318CD9F1898AEFD002E23A0 /* LECHeaderView.h */ = {isa = PBXFileReference; fileEncoding = 4; lastKnownFileType = sourcecode.c.h; name = LECHeaderView.h; path = Views/LECHeaderView.h; sourceTree = "<group>"; };
		7318CDA01898AEFD002E23A0 /* LECHeaderView.m */ = {isa = PBXFileReference; fileEncoding = 4; lastKnownFileType = sourcecode.c.objc; name = LECHeaderView.m; path = Views/LECHeaderView.m; sourceTree = "<group>"; };
		73275013188BC5D400F5CB04 /* LECDefines.h */ = {isa = PBXFileReference; fileEncoding = 4; lastKnownFileType = sourcecode.c.h; path = LECDefines.h; sourceTree = "<group>"; };
		73331E0D18DDA705006E6D3C /* icon_cancel.png */ = {isa = PBXFileReference; lastKnownFileType = image.png; path = icon_cancel.png; sourceTree = "<group>"; };
		73331E0E18DDA705006E6D3C /* icon_cancel@2x.png */ = {isa = PBXFileReference; lastKnownFileType = image.png; path = "icon_cancel@2x.png"; sourceTree = "<group>"; };
		73331E1118DDA72B006E6D3C /* icon_checkmark.png */ = {isa = PBXFileReference; lastKnownFileType = image.png; path = icon_checkmark.png; sourceTree = "<group>"; };
		73331E1218DDA72B006E6D3C /* icon_checkmark@2x.png */ = {isa = PBXFileReference; lastKnownFileType = image.png; path = "icon_checkmark@2x.png"; sourceTree = "<group>"; };
		733C9BC418AAEE57007E92B6 /* LECAnimationService.h */ = {isa = PBXFileReference; fileEncoding = 4; lastKnownFileType = sourcecode.c.h; name = LECAnimationService.h; path = Assets/LECAnimationService.h; sourceTree = "<group>"; };
		733C9BC518AAEE57007E92B6 /* LECAnimationService.m */ = {isa = PBXFileReference; fileEncoding = 4; lastKnownFileType = sourcecode.c.objc; name = LECAnimationService.m; path = Assets/LECAnimationService.m; sourceTree = "<group>"; };
		733C9BD018AE0423007E92B6 /* Lecture.h */ = {isa = PBXFileReference; fileEncoding = 4; lastKnownFileType = sourcecode.c.h; name = Lecture.h; path = DataModels/Lecture.h; sourceTree = "<group>"; };
		733C9BD118AE0423007E92B6 /* Lecture.m */ = {isa = PBXFileReference; fileEncoding = 4; lastKnownFileType = sourcecode.c.objc; name = Lecture.m; path = DataModels/Lecture.m; sourceTree = "<group>"; };
		733C9BD318AE0424007E92B6 /* Tag.h */ = {isa = PBXFileReference; fileEncoding = 4; lastKnownFileType = sourcecode.c.h; name = Tag.h; path = DataModels/Tag.h; sourceTree = "<group>"; };
		733C9BD418AE0424007E92B6 /* Tag.m */ = {isa = PBXFileReference; fileEncoding = 4; lastKnownFileType = sourcecode.c.objc; name = Tag.m; path = DataModels/Tag.m; sourceTree = "<group>"; };
		733C9BD618AE0424007E92B6 /* Course.h */ = {isa = PBXFileReference; fileEncoding = 4; lastKnownFileType = sourcecode.c.h; name = Course.h; path = DataModels/Course.h; sourceTree = "<group>"; };
		733C9BD718AE0424007E92B6 /* Course.m */ = {isa = PBXFileReference; fileEncoding = 4; lastKnownFileType = sourcecode.c.objc; name = Course.m; path = DataModels/Course.m; sourceTree = "<group>"; };
		738FB162189CA1D200DBF8F8 /* LECAddCourseView.h */ = {isa = PBXFileReference; fileEncoding = 4; lastKnownFileType = sourcecode.c.h; path = LECAddCourseView.h; sourceTree = "<group>"; };
		738FB163189CA1D200DBF8F8 /* LECAddCourseView.m */ = {isa = PBXFileReference; fileEncoding = 4; lastKnownFileType = sourcecode.c.objc; path = LECAddCourseView.m; sourceTree = "<group>"; };
		738FB165189DE05200DBF8F8 /* LECIconCollectionView.h */ = {isa = PBXFileReference; fileEncoding = 4; lastKnownFileType = sourcecode.c.h; path = LECIconCollectionView.h; sourceTree = "<group>"; };
		738FB166189DE05200DBF8F8 /* LECIconCollectionView.m */ = {isa = PBXFileReference; fileEncoding = 4; lastKnownFileType = sourcecode.c.objc; path = LECIconCollectionView.m; sourceTree = "<group>"; };
		738FB168189DF33200DBF8F8 /* subject_finance.png */ = {isa = PBXFileReference; lastKnownFileType = image.png; path = subject_finance.png; sourceTree = "<group>"; };
		738FB169189DF33200DBF8F8 /* subject_finance@2x.png */ = {isa = PBXFileReference; lastKnownFileType = image.png; path = "subject_finance@2x.png"; sourceTree = "<group>"; };
		738FB16A189DF33200DBF8F8 /* subject_music.png */ = {isa = PBXFileReference; lastKnownFileType = image.png; path = subject_music.png; sourceTree = "<group>"; };
		738FB16B189DF33200DBF8F8 /* subject_music@2x.png */ = {isa = PBXFileReference; lastKnownFileType = image.png; path = "subject_music@2x.png"; sourceTree = "<group>"; };
		738FB170189DF33D00DBF8F8 /* subject_chem.png */ = {isa = PBXFileReference; lastKnownFileType = image.png; path = subject_chem.png; sourceTree = "<group>"; };
		738FB171189DF33D00DBF8F8 /* subject_chem@2x.png */ = {isa = PBXFileReference; lastKnownFileType = image.png; path = "subject_chem@2x.png"; sourceTree = "<group>"; };
		73CD6EB01895F06400F183C7 /* LECIconService.h */ = {isa = PBXFileReference; fileEncoding = 4; lastKnownFileType = sourcecode.c.h; name = LECIconService.h; path = Assets/LECIconService.h; sourceTree = "<group>"; };
		73CD6EB11895F06400F183C7 /* LECIconService.m */ = {isa = PBXFileReference; fileEncoding = 4; lastKnownFileType = sourcecode.c.objc; name = LECIconService.m; path = Assets/LECIconService.m; sourceTree = "<group>"; };
		73CD6EB818961B6900F183C7 /* Icons.plist */ = {isa = PBXFileReference; fileEncoding = 4; lastKnownFileType = text.plist.xml; name = Icons.plist; path = Assets/Icons.plist; sourceTree = "<group>"; };
		73CD6EBA1896328600F183C7 /* subject_cs.png */ = {isa = PBXFileReference; lastKnownFileType = image.png; path = subject_cs.png; sourceTree = "<group>"; };
		73CD6EBB1896328600F183C7 /* subject_cs@2x.png */ = {isa = PBXFileReference; lastKnownFileType = image.png; path = "subject_cs@2x.png"; sourceTree = "<group>"; };
		8B523BB4188B2FAE002796A6 /* LECTableViewDataSource.h */ = {isa = PBXFileReference; lastKnownFileType = sourcecode.c.h; name = LECTableViewDataSource.h; path = ViewModels/LECTableViewDataSource.h; sourceTree = "<group>"; };
		8BE7581B188B48DD007B6C02 /* LECTableView.h */ = {isa = PBXFileReference; fileEncoding = 4; lastKnownFileType = sourcecode.c.h; name = LECTableView.h; path = Views/LECTableView.h; sourceTree = "<group>"; };
		8BE7581C188B48DD007B6C02 /* LECTableView.m */ = {isa = PBXFileReference; fileEncoding = 4; lastKnownFileType = sourcecode.c.objc; name = LECTableView.m; path = Views/LECTableView.m; sourceTree = "<group>"; };
		8BE7581E188B4EA5007B6C02 /* LECCourseViewModel.h */ = {isa = PBXFileReference; fileEncoding = 4; lastKnownFileType = sourcecode.c.h; name = LECCourseViewModel.h; path = ViewModels/LECCourseViewModel.h; sourceTree = "<group>"; };
		8BE7581F188B4EA5007B6C02 /* LECCourseViewModel.m */ = {isa = PBXFileReference; fileEncoding = 4; lastKnownFileType = sourcecode.c.objc; name = LECCourseViewModel.m; path = ViewModels/LECCourseViewModel.m; sourceTree = "<group>"; };
		8BE75821188B4F23007B6C02 /* LECLectureViewModel.h */ = {isa = PBXFileReference; fileEncoding = 4; lastKnownFileType = sourcecode.c.h; name = LECLectureViewModel.h; path = ViewModels/LECLectureViewModel.h; sourceTree = "<group>"; };
		8BE75822188B4F23007B6C02 /* LECLectureViewModel.m */ = {isa = PBXFileReference; fileEncoding = 4; lastKnownFileType = sourcecode.c.objc; name = LECLectureViewModel.m; path = ViewModels/LECLectureViewModel.m; sourceTree = "<group>"; };
		BBB5884D18BC34BF00845089 /* nav_settings_btn.png */ = {isa = PBXFileReference; lastKnownFileType = image.png; name = nav_settings_btn.png; path = Lec/nav_settings_btn.png; sourceTree = SOURCE_ROOT; };
		BBB5884E18BC34BF00845089 /* nav_settings_btn@2x.png */ = {isa = PBXFileReference; lastKnownFileType = image.png; name = "nav_settings_btn@2x.png"; path = "Lec/nav_settings_btn@2x.png"; sourceTree = SOURCE_ROOT; };
		C9467BAB18A71D46001AB03B /* LECTagCellViewModel.h */ = {isa = PBXFileReference; fileEncoding = 4; lastKnownFileType = sourcecode.c.h; name = LECTagCellViewModel.h; path = "Cell View Models/LECTagCellViewModel.h"; sourceTree = "<group>"; };
		C9467BAC18A71D46001AB03B /* LECTagCellViewModel.m */ = {isa = PBXFileReference; fileEncoding = 4; lastKnownFileType = sourcecode.c.objc; name = LECTagCellViewModel.m; path = "Cell View Models/LECTagCellViewModel.m"; sourceTree = "<group>"; };
		C9605CA91889F4B800F3DE57 /* LECBaseViewModel.h */ = {isa = PBXFileReference; fileEncoding = 4; lastKnownFileType = sourcecode.c.h; name = LECBaseViewModel.h; path = ViewModels/LECBaseViewModel.h; sourceTree = "<group>"; };
		C9605CAA1889F4B800F3DE57 /* LECBaseViewModel.m */ = {isa = PBXFileReference; fileEncoding = 4; lastKnownFileType = sourcecode.c.objc; name = LECBaseViewModel.m; path = ViewModels/LECBaseViewModel.m; sourceTree = "<group>"; };
		C9605CAC1889F5AD00F3DE57 /* LECHomeViewModel.h */ = {isa = PBXFileReference; fileEncoding = 4; lastKnownFileType = sourcecode.c.h; name = LECHomeViewModel.h; path = ViewModels/LECHomeViewModel.h; sourceTree = "<group>"; };
		C9605CAD1889F5AD00F3DE57 /* LECHomeViewModel.m */ = {isa = PBXFileReference; fileEncoding = 4; lastKnownFileType = sourcecode.c.objc; name = LECHomeViewModel.m; path = ViewModels/LECHomeViewModel.m; sourceTree = "<group>"; };
		C9605CB01889F6CC00F3DE57 /* LECBaseCellViewModel.h */ = {isa = PBXFileReference; fileEncoding = 4; lastKnownFileType = sourcecode.c.h; name = LECBaseCellViewModel.h; path = "Cell View Models/LECBaseCellViewModel.h"; sourceTree = "<group>"; };
		C9605CB11889F6CC00F3DE57 /* LECBaseCellViewModel.m */ = {isa = PBXFileReference; fileEncoding = 4; lastKnownFileType = sourcecode.c.objc; name = LECBaseCellViewModel.m; path = "Cell View Models/LECBaseCellViewModel.m"; sourceTree = "<group>"; };
		C9605CB51889F88B00F3DE57 /* LECImportHeader.h */ = {isa = PBXFileReference; fileEncoding = 4; lastKnownFileType = sourcecode.c.h; path = LECImportHeader.h; sourceTree = "<group>"; };
		C9605CB81889F99800F3DE57 /* LECCourseCellViewModel.h */ = {isa = PBXFileReference; fileEncoding = 4; lastKnownFileType = sourcecode.c.h; name = LECCourseCellViewModel.h; path = "Cell View Models/LECCourseCellViewModel.h"; sourceTree = "<group>"; };
		C9605CB91889F99800F3DE57 /* LECCourseCellViewModel.m */ = {isa = PBXFileReference; fileEncoding = 4; lastKnownFileType = sourcecode.c.objc; name = LECCourseCellViewModel.m; path = "Cell View Models/LECCourseCellViewModel.m"; sourceTree = "<group>"; };
		C9605CBF188A11D300F3DE57 /* Colours.plist */ = {isa = PBXFileReference; fileEncoding = 4; lastKnownFileType = text.plist.xml; path = Colours.plist; sourceTree = "<group>"; };
		C9605CC2188A179400F3DE57 /* LECColourService.h */ = {isa = PBXFileReference; fileEncoding = 4; lastKnownFileType = sourcecode.c.h; name = LECColourService.h; path = Assets/LECColourService.h; sourceTree = "<group>"; };
		C9605CC3188A179400F3DE57 /* LECColourService.m */ = {isa = PBXFileReference; fileEncoding = 4; lastKnownFileType = sourcecode.c.objc; name = LECColourService.m; path = Assets/LECColourService.m; sourceTree = "<group>"; };
		C9605CC6188A311100F3DE57 /* LECDatabaseService.h */ = {isa = PBXFileReference; fileEncoding = 4; lastKnownFileType = sourcecode.c.h; name = LECDatabaseService.h; path = DataModels/LECDatabaseService.h; sourceTree = "<group>"; };
		C9605CC7188A311100F3DE57 /* LECDatabaseService.m */ = {isa = PBXFileReference; fileEncoding = 4; lastKnownFileType = sourcecode.c.objc; name = LECDatabaseService.m; path = DataModels/LECDatabaseService.m; sourceTree = "<group>"; };
		C96BCA1A189C562C00D5E7FD /* PullupTableViewController.h */ = {isa = PBXFileReference; fileEncoding = 4; lastKnownFileType = sourcecode.c.h; name = PullupTableViewController.h; path = ViewControllers/PullupTableViewController.h; sourceTree = "<group>"; };
		C96BCA1B189C562C00D5E7FD /* PullupTableViewController.m */ = {isa = PBXFileReference; fileEncoding = 4; lastKnownFileType = sourcecode.c.objc; name = PullupTableViewController.m; path = ViewControllers/PullupTableViewController.m; sourceTree = "<group>"; };
		C96BCA1D189CAC4800D5E7FD /* LECAudioService.h */ = {isa = PBXFileReference; fileEncoding = 4; lastKnownFileType = sourcecode.c.h; path = LECAudioService.h; sourceTree = "<group>"; };
		C96BCA1E189CAC4800D5E7FD /* LECAudioService.m */ = {isa = PBXFileReference; fileEncoding = 4; lastKnownFileType = sourcecode.c.objc; path = LECAudioService.m; sourceTree = "<group>"; };
		C96BCA20189CACC500D5E7FD /* AVFoundation.framework */ = {isa = PBXFileReference; lastKnownFileType = wrapper.framework; name = AVFoundation.framework; path = System/Library/Frameworks/AVFoundation.framework; sourceTree = SDKROOT; };
		C982027518A2FE4500256A7E /* icon_mic.png */ = {isa = PBXFileReference; lastKnownFileType = image.png; path = icon_mic.png; sourceTree = "<group>"; };
		C982027618A2FE4500256A7E /* icon_mic@2x.png */ = {isa = PBXFileReference; lastKnownFileType = image.png; path = "icon_mic@2x.png"; sourceTree = "<group>"; };
		C982027A18A32B2100256A7E /* LECActionBar.h */ = {isa = PBXFileReference; fileEncoding = 4; lastKnownFileType = sourcecode.c.h; name = LECActionBar.h; path = Views/LECActionBar.h; sourceTree = "<group>"; };
		C982027B18A32B2100256A7E /* LECActionBar.m */ = {isa = PBXFileReference; fileEncoding = 4; lastKnownFileType = sourcecode.c.objc; name = LECActionBar.m; path = Views/LECActionBar.m; sourceTree = "<group>"; };
		C9B0C5D7187FBE7F002D4A63 /* Lec.app */ = {isa = PBXFileReference; explicitFileType = wrapper.application; includeInIndex = 0; path = Lec.app; sourceTree = BUILT_PRODUCTS_DIR; };
		C9B0C5DA187FBE7F002D4A63 /* Foundation.framework */ = {isa = PBXFileReference; lastKnownFileType = wrapper.framework; name = Foundation.framework; path = System/Library/Frameworks/Foundation.framework; sourceTree = SDKROOT; };
		C9B0C5DC187FBE7F002D4A63 /* CoreGraphics.framework */ = {isa = PBXFileReference; lastKnownFileType = wrapper.framework; name = CoreGraphics.framework; path = System/Library/Frameworks/CoreGraphics.framework; sourceTree = SDKROOT; };
		C9B0C5DE187FBE7F002D4A63 /* UIKit.framework */ = {isa = PBXFileReference; lastKnownFileType = wrapper.framework; name = UIKit.framework; path = System/Library/Frameworks/UIKit.framework; sourceTree = SDKROOT; };
		C9B0C5E0187FBE7F002D4A63 /* CoreData.framework */ = {isa = PBXFileReference; lastKnownFileType = wrapper.framework; name = CoreData.framework; path = System/Library/Frameworks/CoreData.framework; sourceTree = SDKROOT; };
		C9B0C5E4187FBE7F002D4A63 /* Lec-Info.plist */ = {isa = PBXFileReference; lastKnownFileType = text.plist.xml; path = "Lec-Info.plist"; sourceTree = "<group>"; };
		C9B0C5E6187FBE7F002D4A63 /* en */ = {isa = PBXFileReference; lastKnownFileType = text.plist.strings; name = en; path = en.lproj/InfoPlist.strings; sourceTree = "<group>"; };
		C9B0C5E8187FBE7F002D4A63 /* main.m */ = {isa = PBXFileReference; lastKnownFileType = sourcecode.c.objc; path = main.m; sourceTree = "<group>"; };
		C9B0C5EA187FBE7F002D4A63 /* Lec-Prefix.pch */ = {isa = PBXFileReference; lastKnownFileType = sourcecode.c.h; path = "Lec-Prefix.pch"; sourceTree = "<group>"; };
		C9B0C5EB187FBE7F002D4A63 /* LECAppDelegate.h */ = {isa = PBXFileReference; lastKnownFileType = sourcecode.c.h; path = LECAppDelegate.h; sourceTree = "<group>"; };
		C9B0C5EC187FBE7F002D4A63 /* LECAppDelegate.m */ = {isa = PBXFileReference; lastKnownFileType = sourcecode.c.objc; path = LECAppDelegate.m; sourceTree = "<group>"; };
		C9B0C5EF187FBE7F002D4A63 /* Lec.xcdatamodel */ = {isa = PBXFileReference; lastKnownFileType = wrapper.xcdatamodel; path = Lec.xcdatamodel; sourceTree = "<group>"; };
		C9B0C5F1187FBE7F002D4A63 /* Images.xcassets */ = {isa = PBXFileReference; lastKnownFileType = folder.assetcatalog; path = Images.xcassets; sourceTree = "<group>"; };
		C9B0C5F7187FBE7F002D4A63 /* LecTests.xctest */ = {isa = PBXFileReference; explicitFileType = wrapper.cfbundle; includeInIndex = 0; path = LecTests.xctest; sourceTree = BUILT_PRODUCTS_DIR; };
		C9B0C5F8187FBE7F002D4A63 /* XCTest.framework */ = {isa = PBXFileReference; lastKnownFileType = wrapper.framework; name = XCTest.framework; path = Library/Frameworks/XCTest.framework; sourceTree = DEVELOPER_DIR; };
		C9B0C601187FBE7F002D4A63 /* LecTests-Info.plist */ = {isa = PBXFileReference; lastKnownFileType = text.plist.xml; path = "LecTests-Info.plist"; sourceTree = "<group>"; };
		C9B0C603187FBE7F002D4A63 /* en */ = {isa = PBXFileReference; lastKnownFileType = text.plist.strings; name = en; path = en.lproj/InfoPlist.strings; sourceTree = "<group>"; };
		C9B0C605187FBE7F002D4A63 /* LecTests.m */ = {isa = PBXFileReference; lastKnownFileType = sourcecode.c.objc; path = LecTests.m; sourceTree = "<group>"; };
		C9B55BC918BDDB6D00E7C52A /* TagCell.h */ = {isa = PBXFileReference; fileEncoding = 4; lastKnownFileType = sourcecode.c.h; name = TagCell.h; path = Cells/TagCell.h; sourceTree = "<group>"; };
		C9B55BCA18BDDB6D00E7C52A /* TagCell.m */ = {isa = PBXFileReference; fileEncoding = 4; lastKnownFileType = sourcecode.c.objc; name = TagCell.m; path = Cells/TagCell.m; sourceTree = "<group>"; };
		C9CA77DE1896596900980310 /* LectureCell.h */ = {isa = PBXFileReference; fileEncoding = 4; lastKnownFileType = sourcecode.c.h; name = LectureCell.h; path = Cells/LectureCell.h; sourceTree = "<group>"; };
		C9CA77DF1896596900980310 /* LectureCell.m */ = {isa = PBXFileReference; fileEncoding = 4; lastKnownFileType = sourcecode.c.objc; name = LectureCell.m; path = Cells/LectureCell.m; sourceTree = "<group>"; };
		C9FBD6261894A2B700D1A7D6 /* Example.h */ = {isa = PBXFileReference; fileEncoding = 4; lastKnownFileType = sourcecode.c.h; name = Example.h; path = Test/Example.h; sourceTree = "<group>"; };
		C9FBD6271894A2B700D1A7D6 /* Example.m */ = {isa = PBXFileReference; fileEncoding = 4; lastKnownFileType = sourcecode.c.objc; name = Example.m; path = Test/Example.m; sourceTree = "<group>"; };
		C9FBD62C1894B26B00D1A7D6 /* LECLectureCellViewModel.h */ = {isa = PBXFileReference; fileEncoding = 4; lastKnownFileType = sourcecode.c.h; name = LECLectureCellViewModel.h; path = "Cell View Models/LECLectureCellViewModel.h"; sourceTree = "<group>"; };
		C9FBD62D1894B26B00D1A7D6 /* LECLectureCellViewModel.m */ = {isa = PBXFileReference; fileEncoding = 4; lastKnownFileType = sourcecode.c.objc; name = LECLectureCellViewModel.m; path = "Cell View Models/LECLectureCellViewModel.m"; sourceTree = "<group>"; };
/* End PBXFileReference section */

/* Begin PBXFrameworksBuildPhase section */
		C9B0C5D4187FBE7F002D4A63 /* Frameworks */ = {
			isa = PBXFrameworksBuildPhase;
			buildActionMask = 2147483647;
			files = (
				C96BCA21189CACC500D5E7FD /* AVFoundation.framework in Frameworks */,
				C9B0C5DD187FBE7F002D4A63 /* CoreGraphics.framework in Frameworks */,
				C9B0C5E1187FBE7F002D4A63 /* CoreData.framework in Frameworks */,
				C9B0C5DF187FBE7F002D4A63 /* UIKit.framework in Frameworks */,
				C9B0C5DB187FBE7F002D4A63 /* Foundation.framework in Frameworks */,
			);
			runOnlyForDeploymentPostprocessing = 0;
		};
		C9B0C5F4187FBE7F002D4A63 /* Frameworks */ = {
			isa = PBXFrameworksBuildPhase;
			buildActionMask = 2147483647;
			files = (
				C9B0C5F9187FBE7F002D4A63 /* XCTest.framework in Frameworks */,
				C9B0C5FC187FBE7F002D4A63 /* CoreData.framework in Frameworks */,
				C9B0C5FB187FBE7F002D4A63 /* UIKit.framework in Frameworks */,
				C9B0C5FA187FBE7F002D4A63 /* Foundation.framework in Frameworks */,
			);
			runOnlyForDeploymentPostprocessing = 0;
		};
/* End PBXFrameworksBuildPhase section */

/* Begin PBXGroup section */
		0B6BD5821889147200A7D8F9 /* ViewControllers */ = {
			isa = PBXGroup;
			children = (
				C96BCA19189C55F500D5E7FD /* BaseViewControllers */,
				C9B9CE16188FB990003A0972 /* XIBs */,
				0B6BD583188914B300A7D8F9 /* MainViewController.h */,
				0B6BD584188914B300A7D8F9 /* MainViewController.m */,
				0B6BD5881889155A00A7D8F9 /* CourseViewController.h */,
				0B6BD5891889155A00A7D8F9 /* CourseViewController.m */,
				0B6BD58D1889157000A7D8F9 /* RecordViewController.h */,
				0B6BD58E1889157000A7D8F9 /* RecordViewController.m */,
				0B6BD5921889158500A7D8F9 /* PlaybackViewController.h */,
				0B6BD5931889158500A7D8F9 /* PlaybackViewController.m */,
			);
			name = ViewControllers;
			sourceTree = "<group>";
		};
		0B6BD59718891B0C00A7D8F9 /* Assets */ = {
			isa = PBXGroup;
			children = (
				73CD6EB718961B4600F183C7 /* Icons */,
				0B6BD59818891B1E00A7D8F9 /* Navigation */,
			);
			name = Assets;
			sourceTree = "<group>";
		};
		0B6BD59818891B1E00A7D8F9 /* Navigation */ = {
			isa = PBXGroup;
			children = (
				BBB5884D18BC34BF00845089 /* nav_settings_btn.png */,
				BBB5884E18BC34BF00845089 /* nav_settings_btn@2x.png */,
				73331E0D18DDA705006E6D3C /* icon_cancel.png */,
				73331E0E18DDA705006E6D3C /* icon_cancel@2x.png */,
				73331E1118DDA72B006E6D3C /* icon_checkmark.png */,
				73331E1218DDA72B006E6D3C /* icon_checkmark@2x.png */,
				0B6BD59918891B1E00A7D8F9 /* nav_add_btn.png */,
				0B6BD59A18891B1E00A7D8F9 /* nav_add_btn@2x.png */,
			);
			name = Navigation;
			path = Assets/Navigation;
			sourceTree = "<group>";
		};
		0B6BD59D18891F8E00A7D8F9 /* Cells */ = {
			isa = PBXGroup;
			children = (
				0B6BD59E18891FB300A7D8F9 /* CourseCell.h */,
				0B6BD59F18891FB300A7D8F9 /* CourseCell.m */,
				C9CA77DE1896596900980310 /* LectureCell.h */,
				C9CA77DF1896596900980310 /* LectureCell.m */,
				C9B55BC918BDDB6D00E7C52A /* TagCell.h */,
				C9B55BCA18BDDB6D00E7C52A /* TagCell.m */,
			);
			name = Cells;
			sourceTree = "<group>";
		};
		73CD6EB718961B4600F183C7 /* Icons */ = {
			isa = PBXGroup;
			children = (
				738FB170189DF33D00DBF8F8 /* subject_chem.png */,
				738FB171189DF33D00DBF8F8 /* subject_chem@2x.png */,
				C982027518A2FE4500256A7E /* icon_mic.png */,
				C982027618A2FE4500256A7E /* icon_mic@2x.png */,
				73CD6EBA1896328600F183C7 /* subject_cs.png */,
				73CD6EBB1896328600F183C7 /* subject_cs@2x.png */,
				738FB168189DF33200DBF8F8 /* subject_finance.png */,
				738FB169189DF33200DBF8F8 /* subject_finance@2x.png */,
				738FB16A189DF33200DBF8F8 /* subject_music.png */,
				738FB16B189DF33200DBF8F8 /* subject_music@2x.png */,
			);
			name = Icons;
			sourceTree = "<group>";
		};
		8BE7582C188B876E007B6C02 /* Services */ = {
			isa = PBXGroup;
			children = (
				C9605CC2188A179400F3DE57 /* LECColourService.h */,
				C9605CC3188A179400F3DE57 /* LECColourService.m */,
				73CD6EB01895F06400F183C7 /* LECIconService.h */,
				73CD6EB11895F06400F183C7 /* LECIconService.m */,
				C9605CC6188A311100F3DE57 /* LECDatabaseService.h */,
				C9605CC7188A311100F3DE57 /* LECDatabaseService.m */,
				C96BCA1D189CAC4800D5E7FD /* LECAudioService.h */,
				C96BCA1E189CAC4800D5E7FD /* LECAudioService.m */,
				730DABD218A500C000DFE3E7 /* LECParallaxService.h */,
				730DABD318A500C000DFE3E7 /* LECParallaxService.m */,
				733C9BC418AAEE57007E92B6 /* LECAnimationService.h */,
				733C9BC518AAEE57007E92B6 /* LECAnimationService.m */,
			);
			name = Services;
			sourceTree = "<group>";
		};
		C9605CAF1889F66300F3DE57 /* Cell View Models */ = {
			isa = PBXGroup;
			children = (
				C9605CB01889F6CC00F3DE57 /* LECBaseCellViewModel.h */,
				C9605CB11889F6CC00F3DE57 /* LECBaseCellViewModel.m */,
				C9605CB81889F99800F3DE57 /* LECCourseCellViewModel.h */,
				C9605CB91889F99800F3DE57 /* LECCourseCellViewModel.m */,
				C9FBD62C1894B26B00D1A7D6 /* LECLectureCellViewModel.h */,
				C9FBD62D1894B26B00D1A7D6 /* LECLectureCellViewModel.m */,
				C9467BAB18A71D46001AB03B /* LECTagCellViewModel.h */,
				C9467BAC18A71D46001AB03B /* LECTagCellViewModel.m */,
			);
			name = "Cell View Models";
			sourceTree = "<group>";
		};
		C96BCA19189C55F500D5E7FD /* BaseViewControllers */ = {
			isa = PBXGroup;
			children = (
				C96BCA1A189C562C00D5E7FD /* PullupTableViewController.h */,
				C96BCA1B189C562C00D5E7FD /* PullupTableViewController.m */,
			);
			name = BaseViewControllers;
			sourceTree = "<group>";
		};
		C982027918A327D000256A7E /* Partials */ = {
			isa = PBXGroup;
			children = (
				8BE7581B188B48DD007B6C02 /* LECTableView.h */,
				8BE7581C188B48DD007B6C02 /* LECTableView.m */,
				8B523BB4188B2FAE002796A6 /* LECTableViewDataSource.h */,
				0BA86AB618925F1800805240 /* LECColorCollectionView.h */,
				0BA86AB718925F1800805240 /* LECColorCollectionView.m */,
				738FB165189DE05200DBF8F8 /* LECIconCollectionView.h */,
				738FB166189DE05200DBF8F8 /* LECIconCollectionView.m */,
				738FB162189CA1D200DBF8F8 /* LECAddCourseView.h */,
				738FB163189CA1D200DBF8F8 /* LECAddCourseView.m */,
				7318CD9F1898AEFD002E23A0 /* LECHeaderView.h */,
				7318CDA01898AEFD002E23A0 /* LECHeaderView.m */,
				C982027A18A32B2100256A7E /* LECActionBar.h */,
				C982027B18A32B2100256A7E /* LECActionBar.m */,
			);
			name = Partials;
			sourceTree = "<group>";
		};
		C9A0047E1889EBD200D27A6C /* Test */ = {
			isa = PBXGroup;
			children = (
				C9FBD6261894A2B700D1A7D6 /* Example.h */,
				C9FBD6271894A2B700D1A7D6 /* Example.m */,
			);
			name = Test;
			sourceTree = "<group>";
		};
		C9A0047F1889EBDC00D27A6C /* View Model */ = {
			isa = PBXGroup;
			children = (
				C9605CAF1889F66300F3DE57 /* Cell View Models */,
				C9FBD625189495AB00D1A7D6 /* Screen View Models */,
			);
			name = "View Model";
			sourceTree = "<group>";
		};
		C9A004801889EBF100D27A6C /* Database */ = {
			isa = PBXGroup;
			children = (
				C9B0C5EE187FBE7F002D4A63 /* Lec.xcdatamodeld */,
				733C9BD618AE0424007E92B6 /* Course.h */,
				733C9BD718AE0424007E92B6 /* Course.m */,
				733C9BD318AE0424007E92B6 /* Tag.h */,
				733C9BD418AE0424007E92B6 /* Tag.m */,
				733C9BD018AE0423007E92B6 /* Lecture.h */,
				733C9BD118AE0423007E92B6 /* Lecture.m */,
			);
			name = Database;
			sourceTree = "<group>";
		};
		C9B0C5CE187FBE7F002D4A63 = {
			isa = PBXGroup;
			children = (
				C9B0C5E2187FBE7F002D4A63 /* Lec */,
				C9B0C5FF187FBE7F002D4A63 /* LecTests */,
				C9B0C5D9187FBE7F002D4A63 /* Frameworks */,
				C9B0C5D8187FBE7F002D4A63 /* Products */,
			);
			sourceTree = "<group>";
		};
		C9B0C5D8187FBE7F002D4A63 /* Products */ = {
			isa = PBXGroup;
			children = (
				C9B0C5D7187FBE7F002D4A63 /* Lec.app */,
				C9B0C5F7187FBE7F002D4A63 /* LecTests.xctest */,
			);
			name = Products;
			sourceTree = "<group>";
		};
		C9B0C5D9187FBE7F002D4A63 /* Frameworks */ = {
			isa = PBXGroup;
			children = (
				C96BCA20189CACC500D5E7FD /* AVFoundation.framework */,
				C9B0C5DA187FBE7F002D4A63 /* Foundation.framework */,
				C9B0C5DC187FBE7F002D4A63 /* CoreGraphics.framework */,
				C9B0C5DE187FBE7F002D4A63 /* UIKit.framework */,
				C9B0C5E0187FBE7F002D4A63 /* CoreData.framework */,
				C9B0C5F8187FBE7F002D4A63 /* XCTest.framework */,
			);
			name = Frameworks;
			sourceTree = "<group>";
		};
		C9B0C5E2187FBE7F002D4A63 /* Lec */ = {
			isa = PBXGroup;
			children = (
				8BE7582C188B876E007B6C02 /* Services */,
				C9A004801889EBF100D27A6C /* Database */,
				C9A0047F1889EBDC00D27A6C /* View Model */,
				C9A0047E1889EBD200D27A6C /* Test */,
				0B6BD59718891B0C00A7D8F9 /* Assets */,
				C9CA77DD1896593700980310 /* Views */,
				0B6BD5821889147200A7D8F9 /* ViewControllers */,
				C9B0C5EB187FBE7F002D4A63 /* LECAppDelegate.h */,
				C9B0C5EC187FBE7F002D4A63 /* LECAppDelegate.m */,
				C9B0C5F1187FBE7F002D4A63 /* Images.xcassets */,
				C9B0C5E3187FBE7F002D4A63 /* Supporting Files */,
			);
			path = Lec;
			sourceTree = "<group>";
		};
		C9B0C5E3187FBE7F002D4A63 /* Supporting Files */ = {
			isa = PBXGroup;
			children = (
				C9B0C5E4187FBE7F002D4A63 /* Lec-Info.plist */,
				C9B0C5E5187FBE7F002D4A63 /* InfoPlist.strings */,
				C9B0C5E8187FBE7F002D4A63 /* main.m */,
				C9B0C5EA187FBE7F002D4A63 /* Lec-Prefix.pch */,
				C9605CB51889F88B00F3DE57 /* LECImportHeader.h */,
				73275013188BC5D400F5CB04 /* LECDefines.h */,
				C9605CBF188A11D300F3DE57 /* Colours.plist */,
				73CD6EB818961B6900F183C7 /* Icons.plist */,
			);
			name = "Supporting Files";
			sourceTree = "<group>";
		};
		C9B0C5FF187FBE7F002D4A63 /* LecTests */ = {
			isa = PBXGroup;
			children = (
				C9B0C605187FBE7F002D4A63 /* LecTests.m */,
				C9B0C600187FBE7F002D4A63 /* Supporting Files */,
			);
			path = LecTests;
			sourceTree = "<group>";
		};
		C9B0C600187FBE7F002D4A63 /* Supporting Files */ = {
			isa = PBXGroup;
			children = (
				C9B0C601187FBE7F002D4A63 /* LecTests-Info.plist */,
				C9B0C602187FBE7F002D4A63 /* InfoPlist.strings */,
			);
			name = "Supporting Files";
			sourceTree = "<group>";
		};
		C9B9CE16188FB990003A0972 /* XIBs */ = {
			isa = PBXGroup;
			children = (
				0B6BD585188914B300A7D8F9 /* MainViewController.xib */,
				0B6BD58A1889155A00A7D8F9 /* CourseViewController.xib */,
				0B6BD58F1889157000A7D8F9 /* RecordViewController.xib */,
				0B6BD5941889158500A7D8F9 /* PlaybackViewController.xib */,
			);
			name = XIBs;
			sourceTree = "<group>";
		};
		C9CA77DD1896593700980310 /* Views */ = {
			isa = PBXGroup;
			children = (
				0B6BD59D18891F8E00A7D8F9 /* Cells */,
				C982027918A327D000256A7E /* Partials */,
			);
			name = Views;
			sourceTree = "<group>";
		};
		C9FBD625189495AB00D1A7D6 /* Screen View Models */ = {
			isa = PBXGroup;
			children = (
				C9605CA91889F4B800F3DE57 /* LECBaseViewModel.h */,
				C9605CAA1889F4B800F3DE57 /* LECBaseViewModel.m */,
				C9605CAC1889F5AD00F3DE57 /* LECHomeViewModel.h */,
				C9605CAD1889F5AD00F3DE57 /* LECHomeViewModel.m */,
				8BE7581E188B4EA5007B6C02 /* LECCourseViewModel.h */,
				8BE7581F188B4EA5007B6C02 /* LECCourseViewModel.m */,
				8BE75821188B4F23007B6C02 /* LECLectureViewModel.h */,
				8BE75822188B4F23007B6C02 /* LECLectureViewModel.m */,
			);
			name = "Screen View Models";
			sourceTree = "<group>";
		};
/* End PBXGroup section */

/* Begin PBXNativeTarget section */
		C9B0C5D6187FBE7F002D4A63 /* Lec */ = {
			isa = PBXNativeTarget;
			buildConfigurationList = C9B0C609187FBE7F002D4A63 /* Build configuration list for PBXNativeTarget "Lec" */;
			buildPhases = (
				C9B0C5D3187FBE7F002D4A63 /* Sources */,
				C9B0C5D4187FBE7F002D4A63 /* Frameworks */,
				C9B0C5D5187FBE7F002D4A63 /* Resources */,
			);
			buildRules = (
			);
			dependencies = (
			);
			name = Lec;
			productName = Lec;
			productReference = C9B0C5D7187FBE7F002D4A63 /* Lec.app */;
			productType = "com.apple.product-type.application";
		};
		C9B0C5F6187FBE7F002D4A63 /* LecTests */ = {
			isa = PBXNativeTarget;
			buildConfigurationList = C9B0C60C187FBE7F002D4A63 /* Build configuration list for PBXNativeTarget "LecTests" */;
			buildPhases = (
				C9B0C5F3187FBE7F002D4A63 /* Sources */,
				C9B0C5F4187FBE7F002D4A63 /* Frameworks */,
				C9B0C5F5187FBE7F002D4A63 /* Resources */,
			);
			buildRules = (
			);
			dependencies = (
				C9B0C5FE187FBE7F002D4A63 /* PBXTargetDependency */,
			);
			name = LecTests;
			productName = LecTests;
			productReference = C9B0C5F7187FBE7F002D4A63 /* LecTests.xctest */;
			productType = "com.apple.product-type.bundle.unit-test";
		};
/* End PBXNativeTarget section */

/* Begin PBXProject section */
		C9B0C5CF187FBE7F002D4A63 /* Project object */ = {
			isa = PBXProject;
			attributes = {
				CLASSPREFIX = LEC;
				LastUpgradeCheck = 0500;
				ORGANIZATIONNAME = South45;
				TargetAttributes = {
					C9B0C5D6187FBE7F002D4A63 = {
						DevelopmentTeam = 59UBV2C58W;
					};
					C9B0C5F6187FBE7F002D4A63 = {
						TestTargetID = C9B0C5D6187FBE7F002D4A63;
					};
				};
			};
			buildConfigurationList = C9B0C5D2187FBE7F002D4A63 /* Build configuration list for PBXProject "Lec" */;
			compatibilityVersion = "Xcode 3.2";
			developmentRegion = English;
			hasScannedForEncodings = 0;
			knownRegions = (
				en,
			);
			mainGroup = C9B0C5CE187FBE7F002D4A63;
			productRefGroup = C9B0C5D8187FBE7F002D4A63 /* Products */;
			projectDirPath = "";
			projectRoot = "";
			targets = (
				C9B0C5D6187FBE7F002D4A63 /* Lec */,
				C9B0C5F6187FBE7F002D4A63 /* LecTests */,
			);
		};
/* End PBXProject section */

/* Begin PBXResourcesBuildPhase section */
		C9B0C5D5187FBE7F002D4A63 /* Resources */ = {
			isa = PBXResourcesBuildPhase;
			buildActionMask = 2147483647;
			files = (
				738FB173189DF33D00DBF8F8 /* subject_chem@2x.png in Resources */,
				738FB16D189DF33200DBF8F8 /* subject_finance@2x.png in Resources */,
				C9B0C5E7187FBE7F002D4A63 /* InfoPlist.strings in Resources */,
				738FB16E189DF33200DBF8F8 /* subject_music.png in Resources */,
				73CD6EB918961B6900F183C7 /* Icons.plist in Resources */,
				C9605CC0188A11D300F3DE57 /* Colours.plist in Resources */,
				73CD6EBD1896328600F183C7 /* subject_cs@2x.png in Resources */,
				C982027718A2FE4500256A7E /* icon_mic.png in Resources */,
				738FB16C189DF33200DBF8F8 /* subject_finance.png in Resources */,
				73331E1418DDA72B006E6D3C /* icon_checkmark@2x.png in Resources */,
				738FB172189DF33D00DBF8F8 /* subject_chem.png in Resources */,
				0B6BD59B18891B1E00A7D8F9 /* nav_add_btn.png in Resources */,
				0B6BD5911889157000A7D8F9 /* RecordViewController.xib in Resources */,
				0B6BD58C1889155A00A7D8F9 /* CourseViewController.xib in Resources */,
				0B6BD5961889158500A7D8F9 /* PlaybackViewController.xib in Resources */,
				738FB16F189DF33200DBF8F8 /* subject_music@2x.png in Resources */,
				73331E1318DDA72B006E6D3C /* icon_checkmark.png in Resources */,
				0B6BD587188914B300A7D8F9 /* MainViewController.xib in Resources */,
				BBB5885018BC34BF00845089 /* nav_settings_btn@2x.png in Resources */,
				C9B0C5F2187FBE7F002D4A63 /* Images.xcassets in Resources */,
				C982027818A2FE4500256A7E /* icon_mic@2x.png in Resources */,
				0B6BD59C18891B1E00A7D8F9 /* nav_add_btn@2x.png in Resources */,
				73331E0F18DDA705006E6D3C /* icon_cancel.png in Resources */,
				73331E1018DDA705006E6D3C /* icon_cancel@2x.png in Resources */,
				BBB5884F18BC34BF00845089 /* nav_settings_btn.png in Resources */,
				73CD6EBC1896328600F183C7 /* subject_cs.png in Resources */,
			);
			runOnlyForDeploymentPostprocessing = 0;
		};
		C9B0C5F5187FBE7F002D4A63 /* Resources */ = {
			isa = PBXResourcesBuildPhase;
			buildActionMask = 2147483647;
			files = (
				C9B0C604187FBE7F002D4A63 /* InfoPlist.strings in Resources */,
			);
			runOnlyForDeploymentPostprocessing = 0;
		};
/* End PBXResourcesBuildPhase section */

/* Begin PBXSourcesBuildPhase section */
		C9B0C5D3187FBE7F002D4A63 /* Sources */ = {
			isa = PBXSourcesBuildPhase;
			buildActionMask = 2147483647;
			files = (
				733C9BD518AE0424007E92B6 /* Tag.m in Sources */,
				0B6BD5A018891FB300A7D8F9 /* CourseCell.m in Sources */,
				C9FBD6281894A2B700D1A7D6 /* Example.m in Sources */,
				C9B0C5E9187FBE7F002D4A63 /* main.m in Sources */,
				C9B0C5F0187FBE7F002D4A63 /* Lec.xcdatamodeld in Sources */,
				8BE7581D188B48DD007B6C02 /* LECTableView.m in Sources */,
				733C9BC618AAEE57007E92B6 /* LECAnimationService.m in Sources */,
				738FB167189DE05200DBF8F8 /* LECIconCollectionView.m in Sources */,
				C9605CAB1889F4B800F3DE57 /* LECBaseViewModel.m in Sources */,
				0B6BD5951889158500A7D8F9 /* PlaybackViewController.m in Sources */,
				C9605CC4188A179400F3DE57 /* LECColourService.m in Sources */,
				738FB164189CA1D200DBF8F8 /* LECAddCourseView.m in Sources */,
				8BE75820188B4EA5007B6C02 /* LECCourseViewModel.m in Sources */,
				730DABD418A500C000DFE3E7 /* LECParallaxService.m in Sources */,
				C9467BAD18A71D46001AB03B /* LECTagCellViewModel.m in Sources */,
				C9605CAE1889F5AD00F3DE57 /* LECHomeViewModel.m in Sources */,
				C9FBD62E1894B26B00D1A7D6 /* LECLectureCellViewModel.m in Sources */,
				C9605CB21889F6CC00F3DE57 /* LECBaseCellViewModel.m in Sources */,
				C9605CBA1889F99800F3DE57 /* LECCourseCellViewModel.m in Sources */,
				8BE75823188B4F23007B6C02 /* LECLectureViewModel.m in Sources */,
				7318CDA11898AEFD002E23A0 /* LECHeaderView.m in Sources */,
				C9B55BCB18BDDB6D00E7C52A /* TagCell.m in Sources */,
				73CD6EB21895F06400F183C7 /* LECIconService.m in Sources */,
				733C9BD218AE0423007E92B6 /* Lecture.m in Sources */,
				C9B0C5ED187FBE7F002D4A63 /* LECAppDelegate.m in Sources */,
				C982027C18A32B2100256A7E /* LECActionBar.m in Sources */,
				0B6BD5901889157000A7D8F9 /* RecordViewController.m in Sources */,
				733C9BD818AE0424007E92B6 /* Course.m in Sources */,
				C9605CC8188A311100F3DE57 /* LECDatabaseService.m in Sources */,
				0BA86AB818925F1800805240 /* LECColorCollectionView.m in Sources */,
				C9CA77E01896596900980310 /* LectureCell.m in Sources */,
				0B6BD586188914B300A7D8F9 /* MainViewController.m in Sources */,
				C96BCA1C189C562C00D5E7FD /* PullupTableViewController.m in Sources */,
				0B6BD58B1889155A00A7D8F9 /* CourseViewController.m in Sources */,
				C96BCA1F189CAC4800D5E7FD /* LECAudioService.m in Sources */,
			);
			runOnlyForDeploymentPostprocessing = 0;
		};
		C9B0C5F3187FBE7F002D4A63 /* Sources */ = {
			isa = PBXSourcesBuildPhase;
			buildActionMask = 2147483647;
			files = (
				C9B0C606187FBE7F002D4A63 /* LecTests.m in Sources */,
			);
			runOnlyForDeploymentPostprocessing = 0;
		};
/* End PBXSourcesBuildPhase section */

/* Begin PBXTargetDependency section */
		C9B0C5FE187FBE7F002D4A63 /* PBXTargetDependency */ = {
			isa = PBXTargetDependency;
			target = C9B0C5D6187FBE7F002D4A63 /* Lec */;
			targetProxy = C9B0C5FD187FBE7F002D4A63 /* PBXContainerItemProxy */;
		};
/* End PBXTargetDependency section */

/* Begin PBXVariantGroup section */
		C9B0C5E5187FBE7F002D4A63 /* InfoPlist.strings */ = {
			isa = PBXVariantGroup;
			children = (
				C9B0C5E6187FBE7F002D4A63 /* en */,
			);
			name = InfoPlist.strings;
			sourceTree = "<group>";
		};
		C9B0C602187FBE7F002D4A63 /* InfoPlist.strings */ = {
			isa = PBXVariantGroup;
			children = (
				C9B0C603187FBE7F002D4A63 /* en */,
			);
			name = InfoPlist.strings;
			sourceTree = "<group>";
		};
/* End PBXVariantGroup section */

/* Begin XCBuildConfiguration section */
		C9B0C607187FBE7F002D4A63 /* Debug */ = {
			isa = XCBuildConfiguration;
			buildSettings = {
				ALWAYS_SEARCH_USER_PATHS = NO;
				ARCHS = "$(ARCHS_STANDARD_INCLUDING_64_BIT)";
				CLANG_CXX_LANGUAGE_STANDARD = "gnu++0x";
				CLANG_CXX_LIBRARY = "libc++";
				CLANG_ENABLE_MODULES = YES;
				CLANG_ENABLE_OBJC_ARC = YES;
				CLANG_WARN_BOOL_CONVERSION = YES;
				CLANG_WARN_CONSTANT_CONVERSION = YES;
				CLANG_WARN_DIRECT_OBJC_ISA_USAGE = YES_ERROR;
				CLANG_WARN_EMPTY_BODY = YES;
				CLANG_WARN_ENUM_CONVERSION = YES;
				CLANG_WARN_INT_CONVERSION = YES;
				CLANG_WARN_OBJC_ROOT_CLASS = YES_ERROR;
				CLANG_WARN__DUPLICATE_METHOD_MATCH = YES;
				"CODE_SIGN_IDENTITY[sdk=iphoneos*]" = "iPhone Developer";
				COPY_PHASE_STRIP = NO;
				GCC_C_LANGUAGE_STANDARD = gnu99;
				GCC_DYNAMIC_NO_PIC = NO;
				GCC_OPTIMIZATION_LEVEL = 0;
				GCC_PREPROCESSOR_DEFINITIONS = (
					"DEBUG=1",
					"$(inherited)",
				);
				GCC_SYMBOLS_PRIVATE_EXTERN = NO;
				GCC_WARN_64_TO_32_BIT_CONVERSION = YES;
				GCC_WARN_ABOUT_RETURN_TYPE = YES_ERROR;
				GCC_WARN_UNDECLARED_SELECTOR = YES;
				GCC_WARN_UNINITIALIZED_AUTOS = YES;
				GCC_WARN_UNUSED_FUNCTION = YES;
				GCC_WARN_UNUSED_VARIABLE = YES;
				IPHONEOS_DEPLOYMENT_TARGET = 7.0;
				ONLY_ACTIVE_ARCH = YES;
				SDKROOT = iphoneos;
			};
			name = Debug;
		};
		C9B0C608187FBE7F002D4A63 /* Release */ = {
			isa = XCBuildConfiguration;
			buildSettings = {
				ALWAYS_SEARCH_USER_PATHS = NO;
				ARCHS = "$(ARCHS_STANDARD_INCLUDING_64_BIT)";
				CLANG_CXX_LANGUAGE_STANDARD = "gnu++0x";
				CLANG_CXX_LIBRARY = "libc++";
				CLANG_ENABLE_MODULES = YES;
				CLANG_ENABLE_OBJC_ARC = YES;
				CLANG_WARN_BOOL_CONVERSION = YES;
				CLANG_WARN_CONSTANT_CONVERSION = YES;
				CLANG_WARN_DIRECT_OBJC_ISA_USAGE = YES_ERROR;
				CLANG_WARN_EMPTY_BODY = YES;
				CLANG_WARN_ENUM_CONVERSION = YES;
				CLANG_WARN_INT_CONVERSION = YES;
				CLANG_WARN_OBJC_ROOT_CLASS = YES_ERROR;
				CLANG_WARN__DUPLICATE_METHOD_MATCH = YES;
				"CODE_SIGN_IDENTITY[sdk=iphoneos*]" = "iPhone Developer";
				COPY_PHASE_STRIP = YES;
				ENABLE_NS_ASSERTIONS = NO;
				GCC_C_LANGUAGE_STANDARD = gnu99;
				GCC_WARN_64_TO_32_BIT_CONVERSION = YES;
				GCC_WARN_ABOUT_RETURN_TYPE = YES_ERROR;
				GCC_WARN_UNDECLARED_SELECTOR = YES;
				GCC_WARN_UNINITIALIZED_AUTOS = YES;
				GCC_WARN_UNUSED_FUNCTION = YES;
				GCC_WARN_UNUSED_VARIABLE = YES;
				IPHONEOS_DEPLOYMENT_TARGET = 7.0;
				SDKROOT = iphoneos;
				VALIDATE_PRODUCT = YES;
			};
			name = Release;
		};
		C9B0C60A187FBE7F002D4A63 /* Debug */ = {
			isa = XCBuildConfiguration;
			buildSettings = {
				ASSETCATALOG_COMPILER_APPICON_NAME = AppIcon;
				ASSETCATALOG_COMPILER_LAUNCHIMAGE_NAME = LaunchImage;
				CODE_SIGN_IDENTITY = "iPhone Developer";
				GCC_PRECOMPILE_PREFIX_HEADER = YES;
				GCC_PREFIX_HEADER = "Lec/Lec-Prefix.pch";
				INFOPLIST_FILE = "Lec/Lec-Info.plist";
				PRODUCT_NAME = "$(TARGET_NAME)";
				WRAPPER_EXTENSION = app;
			};
			name = Debug;
		};
		C9B0C60B187FBE7F002D4A63 /* Release */ = {
			isa = XCBuildConfiguration;
			buildSettings = {
				ASSETCATALOG_COMPILER_APPICON_NAME = AppIcon;
				ASSETCATALOG_COMPILER_LAUNCHIMAGE_NAME = LaunchImage;
				CODE_SIGN_IDENTITY = "iPhone Developer";
				GCC_PRECOMPILE_PREFIX_HEADER = YES;
				GCC_PREFIX_HEADER = "Lec/Lec-Prefix.pch";
				INFOPLIST_FILE = "Lec/Lec-Info.plist";
				PRODUCT_NAME = "$(TARGET_NAME)";
				WRAPPER_EXTENSION = app;
			};
			name = Release;
		};
		C9B0C60D187FBE7F002D4A63 /* Debug */ = {
			isa = XCBuildConfiguration;
			buildSettings = {
				ARCHS = "$(ARCHS_STANDARD_INCLUDING_64_BIT)";
				BUNDLE_LOADER = "$(BUILT_PRODUCTS_DIR)/Lec.app/Lec";
				FRAMEWORK_SEARCH_PATHS = (
					"$(SDKROOT)/Developer/Library/Frameworks",
					"$(inherited)",
					"$(DEVELOPER_FRAMEWORKS_DIR)",
				);
				GCC_PRECOMPILE_PREFIX_HEADER = YES;
				GCC_PREFIX_HEADER = "Lec/Lec-Prefix.pch";
				GCC_PREPROCESSOR_DEFINITIONS = (
					"DEBUG=1",
					"$(inherited)",
				);
				INFOPLIST_FILE = "LecTests/LecTests-Info.plist";
				PRODUCT_NAME = "$(TARGET_NAME)";
				TEST_HOST = "$(BUNDLE_LOADER)";
				WRAPPER_EXTENSION = xctest;
			};
			name = Debug;
		};
		C9B0C60E187FBE7F002D4A63 /* Release */ = {
			isa = XCBuildConfiguration;
			buildSettings = {
				ARCHS = "$(ARCHS_STANDARD_INCLUDING_64_BIT)";
				BUNDLE_LOADER = "$(BUILT_PRODUCTS_DIR)/Lec.app/Lec";
				FRAMEWORK_SEARCH_PATHS = (
					"$(SDKROOT)/Developer/Library/Frameworks",
					"$(inherited)",
					"$(DEVELOPER_FRAMEWORKS_DIR)",
				);
				GCC_PRECOMPILE_PREFIX_HEADER = YES;
				GCC_PREFIX_HEADER = "Lec/Lec-Prefix.pch";
				INFOPLIST_FILE = "LecTests/LecTests-Info.plist";
				PRODUCT_NAME = "$(TARGET_NAME)";
				TEST_HOST = "$(BUNDLE_LOADER)";
				WRAPPER_EXTENSION = xctest;
			};
			name = Release;
		};
/* End XCBuildConfiguration section */

/* Begin XCConfigurationList section */
		C9B0C5D2187FBE7F002D4A63 /* Build configuration list for PBXProject "Lec" */ = {
			isa = XCConfigurationList;
			buildConfigurations = (
				C9B0C607187FBE7F002D4A63 /* Debug */,
				C9B0C608187FBE7F002D4A63 /* Release */,
			);
			defaultConfigurationIsVisible = 0;
			defaultConfigurationName = Release;
		};
		C9B0C609187FBE7F002D4A63 /* Build configuration list for PBXNativeTarget "Lec" */ = {
			isa = XCConfigurationList;
			buildConfigurations = (
				C9B0C60A187FBE7F002D4A63 /* Debug */,
				C9B0C60B187FBE7F002D4A63 /* Release */,
			);
			defaultConfigurationIsVisible = 0;
			defaultConfigurationName = Release;
		};
		C9B0C60C187FBE7F002D4A63 /* Build configuration list for PBXNativeTarget "LecTests" */ = {
			isa = XCConfigurationList;
			buildConfigurations = (
				C9B0C60D187FBE7F002D4A63 /* Debug */,
				C9B0C60E187FBE7F002D4A63 /* Release */,
			);
			defaultConfigurationIsVisible = 0;
			defaultConfigurationName = Release;
		};
/* End XCConfigurationList section */

/* Begin XCVersionGroup section */
		C9B0C5EE187FBE7F002D4A63 /* Lec.xcdatamodeld */ = {
			isa = XCVersionGroup;
			children = (
				C9B0C5EF187FBE7F002D4A63 /* Lec.xcdatamodel */,
			);
			currentVersion = C9B0C5EF187FBE7F002D4A63 /* Lec.xcdatamodel */;
			path = Lec.xcdatamodeld;
			sourceTree = "<group>";
			versionGroupType = wrapper.xcdatamodel;
		};
/* End XCVersionGroup section */
	};
	rootObject = C9B0C5CF187FBE7F002D4A63 /* Project object */;
}
